{
	"name": "up-npm",
	"version": "2.1.0",
	"lockfileVersion": 3,
	"requires": true,
	"packages": {
		"": {
			"name": "up-npm",
			"version": "2.1.0",
			"hasInstallScript": true,
			"license": "MIT",
			"bin": {
				"up-npm": "up-npm"
			},
			"devDependencies": {
				"dotenv": "^16.0.3"
			}
		},
		"node_modules/dotenv": {
			"version": "16.0.3",
			"resolved": "https://registry.npmjs.org/dotenv/-/dotenv-16.0.3.tgz",
			"integrity": "sha512-7GO6HghkA5fYG9TYnNxi14/7K9f5occMlp3zXAuSxn7CKCxt9xbNWG7yF8hTCSUchlfWSe3uLmlPfigevRItzQ==",
			"dev": true,
			"engines": {
				"node": ">=12"
			}
		}
	}
}
